// !$*UTF8*$!
{
	archiveVersion = 1;
	classes = {
	};
	objectVersion = 46;
	objects = {

/* Begin PBXBuildFile section */
		2C05A19C06CAA52B00D84F6F /* GeneratePreviewForURL.m in Sources */ = {isa = PBXBuildFile; fileRef = 2C05A19B06CAA52B00D84F6F /* GeneratePreviewForURL.m */; };
		61E3BCFB0870B4F2002186A0 /* GenerateThumbnailForURL.m in Sources */ = {isa = PBXBuildFile; fileRef = 61E3BCFA0870B4F2002186A0 /* GenerateThumbnailForURL.m */; };
		63156C0C11A13AA400E456AF /* libqfits.a in Frameworks */ = {isa = PBXBuildFile; fileRef = 63156C0B11A13AA400E456AF /* libqfits.a */; };
		63156C0E11A13AA400E456AF /* libqfits.a in Frameworks */ = {isa = PBXBuildFile; fileRef = 63156C0B11A13AA400E456AF /* libqfits.a */; };
		634E50C010E0CC3400EC798C /* QLFits.qlgenerator in CopyFiles */ = {isa = PBXBuildFile; fileRef = 634E4FF110E0CC1C00EC798C /* QLFits.qlgenerator */; };
		635EB6BB10E223CF00B4DE90 /* QLFits.icns in Resources */ = {isa = PBXBuildFile; fileRef = 635EB6BA10E223CF00B4DE90 /* QLFits.icns */; };
		63E5E4E31149661500D300FD /* Constants.h in Headers */ = {isa = PBXBuildFile; fileRef = 63E5E4E11149661500D300FD /* Constants.h */; };
		63E5E4E41149661500D300FD /* Constants.m in Sources */ = {isa = PBXBuildFile; fileRef = 63E5E4E21149661500D300FD /* Constants.m */; };
		63E5E4E71149661500D300FD /* Constants.h in Headers */ = {isa = PBXBuildFile; fileRef = 63E5E4E11149661500D300FD /* Constants.h */; };
		63E5E4E81149661500D300FD /* Constants.m in Sources */ = {isa = PBXBuildFile; fileRef = 63E5E4E21149661500D300FD /* Constants.m */; };
		63F50B8D127BFCCF00919EFB /* config.h in Headers */ = {isa = PBXBuildFile; fileRef = 63F50B7B127BFCCF00919EFB /* config.h */; };
		63F50B8E127BFCCF00919EFB /* md5.h in Headers */ = {isa = PBXBuildFile; fileRef = 63F50B7C127BFCCF00919EFB /* md5.h */; };
		63F50B8F127BFCCF00919EFB /* qfits_byteswap.h in Headers */ = {isa = PBXBuildFile; fileRef = 63F50B7D127BFCCF00919EFB /* qfits_byteswap.h */; };
		63F50B90127BFCCF00919EFB /* qfits_cache.h in Headers */ = {isa = PBXBuildFile; fileRef = 63F50B7E127BFCCF00919EFB /* qfits_cache.h */; };
		63F50B91127BFCCF00919EFB /* qfits_card.h in Headers */ = {isa = PBXBuildFile; fileRef = 63F50B7F127BFCCF00919EFB /* qfits_card.h */; };
		63F50B92127BFCCF00919EFB /* qfits_error.h in Headers */ = {isa = PBXBuildFile; fileRef = 63F50B80127BFCCF00919EFB /* qfits_error.h */; };
		63F50B93127BFCCF00919EFB /* qfits_filename.h in Headers */ = {isa = PBXBuildFile; fileRef = 63F50B81127BFCCF00919EFB /* qfits_filename.h */; };
		63F50B94127BFCCF00919EFB /* qfits_float.h in Headers */ = {isa = PBXBuildFile; fileRef = 63F50B82127BFCCF00919EFB /* qfits_float.h */; };
		63F50B95127BFCCF00919EFB /* qfits_header.h in Headers */ = {isa = PBXBuildFile; fileRef = 63F50B83127BFCCF00919EFB /* qfits_header.h */; };
		63F50B96127BFCCF00919EFB /* qfits_image.h in Headers */ = {isa = PBXBuildFile; fileRef = 63F50B84127BFCCF00919EFB /* qfits_image.h */; };
		63F50B97127BFCCF00919EFB /* qfits_md5.h in Headers */ = {isa = PBXBuildFile; fileRef = 63F50B85127BFCCF00919EFB /* qfits_md5.h */; };
		63F50B98127BFCCF00919EFB /* qfits_memory.h in Headers */ = {isa = PBXBuildFile; fileRef = 63F50B86127BFCCF00919EFB /* qfits_memory.h */; };
		63F50B99127BFCCF00919EFB /* qfits_rw.h in Headers */ = {isa = PBXBuildFile; fileRef = 63F50B87127BFCCF00919EFB /* qfits_rw.h */; };
		63F50B9A127BFCCF00919EFB /* qfits_std.h in Headers */ = {isa = PBXBuildFile; fileRef = 63F50B88127BFCCF00919EFB /* qfits_std.h */; };
		63F50B9B127BFCCF00919EFB /* qfits_table.h in Headers */ = {isa = PBXBuildFile; fileRef = 63F50B89127BFCCF00919EFB /* qfits_table.h */; };
		63F50B9C127BFCCF00919EFB /* qfits_time.h in Headers */ = {isa = PBXBuildFile; fileRef = 63F50B8A127BFCCF00919EFB /* qfits_time.h */; };
		63F50B9D127BFCCF00919EFB /* qfits_tools.h in Headers */ = {isa = PBXBuildFile; fileRef = 63F50B8B127BFCCF00919EFB /* qfits_tools.h */; };
		63F50B9E127BFCCF00919EFB /* qfits.h in Headers */ = {isa = PBXBuildFile; fileRef = 63F50B8C127BFCCF00919EFB /* qfits.h */; };
		63F50BB1127BFCCF00919EFB /* config.h in Headers */ = {isa = PBXBuildFile; fileRef = 63F50B7B127BFCCF00919EFB /* config.h */; };
		63F50BB2127BFCCF00919EFB /* md5.h in Headers */ = {isa = PBXBuildFile; fileRef = 63F50B7C127BFCCF00919EFB /* md5.h */; };
		63F50BB3127BFCCF00919EFB /* qfits_byteswap.h in Headers */ = {isa = PBXBuildFile; fileRef = 63F50B7D127BFCCF00919EFB /* qfits_byteswap.h */; };
		63F50BB4127BFCCF00919EFB /* qfits_cache.h in Headers */ = {isa = PBXBuildFile; fileRef = 63F50B7E127BFCCF00919EFB /* qfits_cache.h */; };
		63F50BB5127BFCCF00919EFB /* qfits_card.h in Headers */ = {isa = PBXBuildFile; fileRef = 63F50B7F127BFCCF00919EFB /* qfits_card.h */; };
		63F50BB6127BFCCF00919EFB /* qfits_error.h in Headers */ = {isa = PBXBuildFile; fileRef = 63F50B80127BFCCF00919EFB /* qfits_error.h */; };
		63F50BB7127BFCCF00919EFB /* qfits_filename.h in Headers */ = {isa = PBXBuildFile; fileRef = 63F50B81127BFCCF00919EFB /* qfits_filename.h */; };
		63F50BB8127BFCCF00919EFB /* qfits_float.h in Headers */ = {isa = PBXBuildFile; fileRef = 63F50B82127BFCCF00919EFB /* qfits_float.h */; };
		63F50BB9127BFCCF00919EFB /* qfits_header.h in Headers */ = {isa = PBXBuildFile; fileRef = 63F50B83127BFCCF00919EFB /* qfits_header.h */; };
		63F50BBA127BFCCF00919EFB /* qfits_image.h in Headers */ = {isa = PBXBuildFile; fileRef = 63F50B84127BFCCF00919EFB /* qfits_image.h */; };
		63F50BBB127BFCCF00919EFB /* qfits_md5.h in Headers */ = {isa = PBXBuildFile; fileRef = 63F50B85127BFCCF00919EFB /* qfits_md5.h */; };
		63F50BBC127BFCCF00919EFB /* qfits_memory.h in Headers */ = {isa = PBXBuildFile; fileRef = 63F50B86127BFCCF00919EFB /* qfits_memory.h */; };
		63F50BBD127BFCCF00919EFB /* qfits_rw.h in Headers */ = {isa = PBXBuildFile; fileRef = 63F50B87127BFCCF00919EFB /* qfits_rw.h */; };
		63F50BBE127BFCCF00919EFB /* qfits_std.h in Headers */ = {isa = PBXBuildFile; fileRef = 63F50B88127BFCCF00919EFB /* qfits_std.h */; };
		63F50BBF127BFCCF00919EFB /* qfits_table.h in Headers */ = {isa = PBXBuildFile; fileRef = 63F50B89127BFCCF00919EFB /* qfits_table.h */; };
		63F50BC0127BFCCF00919EFB /* qfits_time.h in Headers */ = {isa = PBXBuildFile; fileRef = 63F50B8A127BFCCF00919EFB /* qfits_time.h */; };
		63F50BC1127BFCCF00919EFB /* qfits_tools.h in Headers */ = {isa = PBXBuildFile; fileRef = 63F50B8B127BFCCF00919EFB /* qfits_tools.h */; };
		63F50BC2127BFCCF00919EFB /* qfits.h in Headers */ = {isa = PBXBuildFile; fileRef = 63F50B8C127BFCCF00919EFB /* qfits.h */; };
		82132A3B10B54D7F0067AC71 /* Cocoa.framework in Frameworks */ = {isa = PBXBuildFile; fileRef = 82D3C2760EA53D400017EB33 /* Cocoa.framework */; };
		82132A3C10B54D840067AC71 /* PreferencePanes.framework in Frameworks */ = {isa = PBXBuildFile; fileRef = 8246607E10AE95E5003BCCF3 /* PreferencePanes.framework */; };
		82132A4210B54E180067AC71 /* PrefsController.m in Sources */ = {isa = PBXBuildFile; fileRef = 821329DC10B545980067AC71 /* PrefsController.m */; };
		82132A4410B54E2C0067AC71 /* QLFits.prefPane in CopyFiles */ = {isa = PBXBuildFile; fileRef = 82132A1C10B54AFE0067AC71 /* QLFits.prefPane */; };
		82132A4810B54E5A0067AC71 /* PrefsPane.xib in Resources */ = {isa = PBXBuildFile; fileRef = 821329E710B546DA0067AC71 /* PrefsPane.xib */; };
		82132A4910B54E5A0067AC71 /* plant.png in Resources */ = {isa = PBXBuildFile; fileRef = 821329F510B547670067AC71 /* plant.png */; };
		82132A4A10B54E5A0067AC71 /* QLFitsPref.tiff in Resources */ = {isa = PBXBuildFile; fileRef = 821329EF10B547180067AC71 /* QLFitsPref.tiff */; };
		82132A4B10B54E6D0067AC71 /* InfoPlist.strings in Resources */ = {isa = PBXBuildFile; fileRef = 8D5B49A704867FD3000E48DA /* InfoPlist.strings */; };
		82132A4E10B54E920067AC71 /* PrefsController.h in Headers */ = {isa = PBXBuildFile; fileRef = 821329DB10B545980067AC71 /* PrefsController.h */; };
		823370D010629392002CF9A3 /* jquery.ooCookie.js in Copy Files js */ = {isa = PBXBuildFile; fileRef = 823370CD1062936C002CF9A3 /* jquery.ooCookie.js */; };
		823370D4106294B2002CF9A3 /* jquery.cookie.js in Copy Files js */ = {isa = PBXBuildFile; fileRef = 823370D1106294AD002CF9A3 /* jquery.cookie.js */; };
		823A6D25100B7108004FFB34 /* CocoaFITS.h in Headers */ = {isa = PBXBuildFile; fileRef = 823A6D23100B7108004FFB34 /* CocoaFITS.h */; };
		823A6D26100B7108004FFB34 /* CocoaFITS.m in Sources */ = {isa = PBXBuildFile; fileRef = 823A6D24100B7108004FFB34 /* CocoaFITS.m */; };
		8263A7B81062426F00D925B1 /* jquery-1.3.2.min.js in Copy Files js */ = {isa = PBXBuildFile; fileRef = 8263A729106240B500D925B1 /* jquery-1.3.2.min.js */; };
		8263A7B91062426F00D925B1 /* jquery-ui-1.7.2.custom.min.js in Copy Files js */ = {isa = PBXBuildFile; fileRef = 8263A72A106240B500D925B1 /* jquery-ui-1.7.2.custom.min.js */; };
		827D7EBB106E9E4B0064FF01 /* css in Resources */ = {isa = PBXBuildFile; fileRef = 827D7DF6106E9E4B0064FF01 /* css */; };
		82A604631065193E00939314 /* Common.h in Headers */ = {isa = PBXBuildFile; fileRef = 82A604611065193E00939314 /* Common.h */; };
		82A604641065193E00939314 /* Common.m in Sources */ = {isa = PBXBuildFile; fileRef = 82A604621065193E00939314 /* Common.m */; };
		82A606361066B41200939314 /* styleswitcher.js in Copy Files js */ = {isa = PBXBuildFile; fileRef = 82A606331066B37D00939314 /* styleswitcher.js */; };
		82BC8A9F0FA49B2D009193B9 /* WebKit.framework in Frameworks */ = {isa = PBXBuildFile; fileRef = 82EC3F450EA66F16004B9ED0 /* WebKit.framework */; };
		82D3C2770EA53D400017EB33 /* Cocoa.framework in Frameworks */ = {isa = PBXBuildFile; fileRef = 82D3C2760EA53D400017EB33 /* Cocoa.framework */; };
		82D3C6270EA543C70017EB33 /* getFitsHeaderAsHTML.py in Resources */ = {isa = PBXBuildFile; fileRef = 82D3C6260EA543C70017EB33 /* getFitsHeaderAsHTML.py */; };
		8D576312048677EA00EA77CD /* main.c in Sources */ = {isa = PBXBuildFile; fileRef = 08FB77B6FE84183AC02AAC07 /* main.c */; settings = {ATTRIBUTES = (); }; };
		8D576314048677EA00EA77CD /* CoreFoundation.framework in Frameworks */ = {isa = PBXBuildFile; fileRef = 0AA1909FFE8422F4C02AAC07 /* CoreFoundation.framework */; };
		8D5B49A804867FD3000E48DA /* InfoPlist.strings in Resources */ = {isa = PBXBuildFile; fileRef = 8D5B49A704867FD3000E48DA /* InfoPlist.strings */; };
		C86B05270671AA6E00DD9006 /* CoreServices.framework in Frameworks */ = {isa = PBXBuildFile; fileRef = C86B05260671AA6E00DD9006 /* CoreServices.framework */; };
		F28CFBFD0A3EC0AF000ABFF5 /* ApplicationServices.framework in Frameworks */ = {isa = PBXBuildFile; fileRef = F28CFBFC0A3EC0AF000ABFF5 /* ApplicationServices.framework */; };
		F28CFC030A3EC0C6000ABFF5 /* QuickLook.framework in Frameworks */ = {isa = PBXBuildFile; fileRef = F28CFC020A3EC0C6000ABFF5 /* QuickLook.framework */; };
/* End PBXBuildFile section */

/* Begin PBXCopyFilesBuildPhase section */
		63D82C1F10E0CB3F008E83D9 /* CopyFiles */ = {
			isa = PBXCopyFilesBuildPhase;
			buildActionMask = 2147483647;
			dstPath = $HOME/Library/QuickLook;
			dstSubfolderSpec = 0;
			files = (
				634E50C010E0CC3400EC798C /* QLFits.qlgenerator in CopyFiles */,
			);
			runOnlyForDeploymentPostprocessing = 0;
		};
		82132A3A10B54D2E0067AC71 /* CopyFiles */ = {
			isa = PBXCopyFilesBuildPhase;
			buildActionMask = 2147483647;
			dstPath = /Users/$USER/Library/PreferencePanes;
			dstSubfolderSpec = 0;
			files = (
				82132A4410B54E2C0067AC71 /* QLFits.prefPane in CopyFiles */,
			);
			runOnlyForDeploymentPostprocessing = 0;
		};
		8263A7C61062428800D925B1 /* Copy Files js */ = {
			isa = PBXCopyFilesBuildPhase;
			buildActionMask = 2147483647;
			dstPath = js;
			dstSubfolderSpec = 7;
			files = (
				82A606361066B41200939314 /* styleswitcher.js in Copy Files js */,
				823370D010629392002CF9A3 /* jquery.ooCookie.js in Copy Files js */,
				823370D4106294B2002CF9A3 /* jquery.cookie.js in Copy Files js */,
				8263A7B81062426F00D925B1 /* jquery-1.3.2.min.js in Copy Files js */,
				8263A7B91062426F00D925B1 /* jquery-ui-1.7.2.custom.min.js in Copy Files js */,
			);
			name = "Copy Files js";
			runOnlyForDeploymentPostprocessing = 0;
		};
		82F46E6910E748E200E049A8 /* CopyFiles */ = {
			isa = PBXCopyFilesBuildPhase;
			buildActionMask = 2147483647;
			dstPath = "";
			dstSubfolderSpec = 10;
			files = (
			);
			runOnlyForDeploymentPostprocessing = 0;
		};
/* End PBXCopyFilesBuildPhase section */

/* Begin PBXFileReference section */
		089C167EFE841241C02AAC07 /* English */ = {isa = PBXFileReference; fileEncoding = 10; lastKnownFileType = text.plist.strings; name = English; path = English.lproj/InfoPlist.strings; sourceTree = "<group>"; };
		08FB77B6FE84183AC02AAC07 /* main.c */ = {isa = PBXFileReference; fileEncoding = 4; lastKnownFileType = sourcecode.c.c; name = main.c; path = src/main.c; sourceTree = "<group>"; };
		0AA1909FFE8422F4C02AAC07 /* CoreFoundation.framework */ = {isa = PBXFileReference; lastKnownFileType = wrapper.framework; name = CoreFoundation.framework; path = /System/Library/Frameworks/CoreFoundation.framework; sourceTree = "<absolute>"; };
		2C05A19B06CAA52B00D84F6F /* GeneratePreviewForURL.m */ = {isa = PBXFileReference; fileEncoding = 4; lastKnownFileType = sourcecode.c.objc; name = GeneratePreviewForURL.m; path = src/GeneratePreviewForURL.m; sourceTree = "<group>"; };
		61E3BCFA0870B4F2002186A0 /* GenerateThumbnailForURL.m */ = {isa = PBXFileReference; fileEncoding = 30; lastKnownFileType = sourcecode.c.objc; name = GenerateThumbnailForURL.m; path = src/GenerateThumbnailForURL.m; sourceTree = "<group>"; };
		63156C0B11A13AA400E456AF /* libqfits.a */ = {isa = PBXFileReference; lastKnownFileType = archive.ar; name = libqfits.a; path = /Users/softtenebraslux/Apps/QLFits/trunk/qfits/libqfits.a; sourceTree = "<absolute>"; };
		634E4FF110E0CC1C00EC798C /* QLFits.qlgenerator */ = {isa = PBXFileReference; explicitFileType = wrapper.cfbundle; includeInIndex = 0; path = QLFits.qlgenerator; sourceTree = BUILT_PRODUCTS_DIR; };
		635EB6BA10E223CF00B4DE90 /* QLFits.icns */ = {isa = PBXFileReference; lastKnownFileType = image.icns; path = QLFits.icns; sourceTree = "<group>"; };
		63E5E4E11149661500D300FD /* Constants.h */ = {isa = PBXFileReference; fileEncoding = 4; lastKnownFileType = sourcecode.c.h; name = Constants.h; path = src/Constants.h; sourceTree = "<group>"; };
		63E5E4E21149661500D300FD /* Constants.m */ = {isa = PBXFileReference; fileEncoding = 4; lastKnownFileType = sourcecode.c.objc; name = Constants.m; path = src/Constants.m; sourceTree = "<group>"; };
		63F50B7B127BFCCF00919EFB /* config.h */ = {isa = PBXFileReference; fileEncoding = 4; lastKnownFileType = sourcecode.c.h; path = config.h; sourceTree = "<group>"; };
		63F50B7C127BFCCF00919EFB /* md5.h */ = {isa = PBXFileReference; fileEncoding = 4; lastKnownFileType = sourcecode.c.h; name = md5.h; path = qfits/md5.h; sourceTree = SOURCE_ROOT; };
		63F50B7D127BFCCF00919EFB /* qfits_byteswap.h */ = {isa = PBXFileReference; fileEncoding = 4; lastKnownFileType = sourcecode.c.h; name = qfits_byteswap.h; path = qfits/qfits_byteswap.h; sourceTree = SOURCE_ROOT; };
		63F50B7E127BFCCF00919EFB /* qfits_cache.h */ = {isa = PBXFileReference; fileEncoding = 4; lastKnownFileType = sourcecode.c.h; name = qfits_cache.h; path = qfits/qfits_cache.h; sourceTree = SOURCE_ROOT; };
		63F50B7F127BFCCF00919EFB /* qfits_card.h */ = {isa = PBXFileReference; fileEncoding = 4; lastKnownFileType = sourcecode.c.h; name = qfits_card.h; path = qfits/qfits_card.h; sourceTree = SOURCE_ROOT; };
		63F50B80127BFCCF00919EFB /* qfits_error.h */ = {isa = PBXFileReference; fileEncoding = 4; lastKnownFileType = sourcecode.c.h; name = qfits_error.h; path = qfits/qfits_error.h; sourceTree = SOURCE_ROOT; };
		63F50B81127BFCCF00919EFB /* qfits_filename.h */ = {isa = PBXFileReference; fileEncoding = 4; lastKnownFileType = sourcecode.c.h; name = qfits_filename.h; path = qfits/qfits_filename.h; sourceTree = SOURCE_ROOT; };
		63F50B82127BFCCF00919EFB /* qfits_float.h */ = {isa = PBXFileReference; fileEncoding = 4; lastKnownFileType = sourcecode.c.h; name = qfits_float.h; path = qfits/qfits_float.h; sourceTree = SOURCE_ROOT; };
		63F50B83127BFCCF00919EFB /* qfits_header.h */ = {isa = PBXFileReference; fileEncoding = 4; lastKnownFileType = sourcecode.c.h; name = qfits_header.h; path = qfits/qfits_header.h; sourceTree = SOURCE_ROOT; };
		63F50B84127BFCCF00919EFB /* qfits_image.h */ = {isa = PBXFileReference; fileEncoding = 4; lastKnownFileType = sourcecode.c.h; name = qfits_image.h; path = qfits/qfits_image.h; sourceTree = SOURCE_ROOT; };
		63F50B85127BFCCF00919EFB /* qfits_md5.h */ = {isa = PBXFileReference; fileEncoding = 4; lastKnownFileType = sourcecode.c.h; name = qfits_md5.h; path = qfits/qfits_md5.h; sourceTree = SOURCE_ROOT; };
		63F50B86127BFCCF00919EFB /* qfits_memory.h */ = {isa = PBXFileReference; fileEncoding = 4; lastKnownFileType = sourcecode.c.h; name = qfits_memory.h; path = qfits/qfits_memory.h; sourceTree = SOURCE_ROOT; };
		63F50B87127BFCCF00919EFB /* qfits_rw.h */ = {isa = PBXFileReference; fileEncoding = 4; lastKnownFileType = sourcecode.c.h; name = qfits_rw.h; path = qfits/qfits_rw.h; sourceTree = SOURCE_ROOT; };
		63F50B88127BFCCF00919EFB /* qfits_std.h */ = {isa = PBXFileReference; fileEncoding = 4; lastKnownFileType = sourcecode.c.h; name = qfits_std.h; path = qfits/qfits_std.h; sourceTree = SOURCE_ROOT; };
		63F50B89127BFCCF00919EFB /* qfits_table.h */ = {isa = PBXFileReference; fileEncoding = 4; lastKnownFileType = sourcecode.c.h; name = qfits_table.h; path = qfits/qfits_table.h; sourceTree = SOURCE_ROOT; };
		63F50B8A127BFCCF00919EFB /* qfits_time.h */ = {isa = PBXFileReference; fileEncoding = 4; lastKnownFileType = sourcecode.c.h; name = qfits_time.h; path = qfits/qfits_time.h; sourceTree = SOURCE_ROOT; };
		63F50B8B127BFCCF00919EFB /* qfits_tools.h */ = {isa = PBXFileReference; fileEncoding = 4; lastKnownFileType = sourcecode.c.h; name = qfits_tools.h; path = qfits/qfits_tools.h; sourceTree = SOURCE_ROOT; };
		63F50B8C127BFCCF00919EFB /* qfits.h */ = {isa = PBXFileReference; fileEncoding = 4; lastKnownFileType = sourcecode.c.h; name = qfits.h; path = qfits/qfits.h; sourceTree = SOURCE_ROOT; };
		8200914C10500EF200DF9822 /* Info-Demo.plist */ = {isa = PBXFileReference; fileEncoding = 4; lastKnownFileType = text.plist.xml; path = "Info-Demo.plist"; sourceTree = "<group>"; };
		821329DB10B545980067AC71 /* PrefsController.h */ = {isa = PBXFileReference; fileEncoding = 4; lastKnownFileType = sourcecode.c.h; name = PrefsController.h; path = src/PrefsController.h; sourceTree = "<group>"; };
		821329DC10B545980067AC71 /* PrefsController.m */ = {isa = PBXFileReference; fileEncoding = 4; lastKnownFileType = sourcecode.c.objc; name = PrefsController.m; path = src/PrefsController.m; sourceTree = "<group>"; };
		821329E810B546DA0067AC71 /* English */ = {isa = PBXFileReference; lastKnownFileType = file.xib; name = English; path = English.lproj/PrefsPane.xib; sourceTree = "<group>"; };
		821329EF10B547180067AC71 /* QLFitsPref.tiff */ = {isa = PBXFileReference; lastKnownFileType = image.tiff; path = QLFitsPref.tiff; sourceTree = "<group>"; };
		821329F510B547670067AC71 /* plant.png */ = {isa = PBXFileReference; lastKnownFileType = image.png; path = plant.png; sourceTree = "<group>"; };
		82132A1C10B54AFE0067AC71 /* QLFits.prefPane */ = {isa = PBXFileReference; explicitFileType = wrapper.cfbundle; includeInIndex = 0; path = QLFits.prefPane; sourceTree = BUILT_PRODUCTS_DIR; };
		82132A2010B54AFE0067AC71 /* QLFitsPrefsPane-Info.plist */ = {isa = PBXFileReference; lastKnownFileType = text.plist.xml; path = "QLFitsPrefsPane-Info.plist"; sourceTree = "<group>"; };
		823370CD1062936C002CF9A3 /* jquery.ooCookie.js */ = {isa = PBXFileReference; fileEncoding = 4; lastKnownFileType = sourcecode.javascript; path = jquery.ooCookie.js; sourceTree = "<group>"; };
		823370D1106294AD002CF9A3 /* jquery.cookie.js */ = {isa = PBXFileReference; fileEncoding = 4; lastKnownFileType = sourcecode.javascript; path = jquery.cookie.js; sourceTree = "<group>"; };
		823A6D23100B7108004FFB34 /* CocoaFITS.h */ = {isa = PBXFileReference; fileEncoding = 4; lastKnownFileType = sourcecode.c.h; name = CocoaFITS.h; path = src/CocoaFITS.h; sourceTree = "<group>"; };
		823A6D24100B7108004FFB34 /* CocoaFITS.m */ = {isa = PBXFileReference; fileEncoding = 4; lastKnownFileType = sourcecode.c.objc; name = CocoaFITS.m; path = src/CocoaFITS.m; sourceTree = "<group>"; };
		8246607A10AE95B6003BCCF3 /* AppKit.framework */ = {isa = PBXFileReference; lastKnownFileType = wrapper.framework; name = AppKit.framework; path = /System/Library/Frameworks/AppKit.framework; sourceTree = "<absolute>"; };
		8246607C10AE95DB003BCCF3 /* Foundation.framework */ = {isa = PBXFileReference; lastKnownFileType = wrapper.framework; name = Foundation.framework; path = /System/Library/Frameworks/Foundation.framework; sourceTree = "<absolute>"; };
		8246607E10AE95E5003BCCF3 /* PreferencePanes.framework */ = {isa = PBXFileReference; lastKnownFileType = wrapper.framework; name = PreferencePanes.framework; path = /System/Library/Frameworks/PreferencePanes.framework; sourceTree = "<absolute>"; };
		8263A729106240B500D925B1 /* jquery-1.3.2.min.js */ = {isa = PBXFileReference; fileEncoding = 4; lastKnownFileType = sourcecode.javascript; path = "jquery-1.3.2.min.js"; sourceTree = "<group>"; };
		8263A72A106240B500D925B1 /* jquery-ui-1.7.2.custom.min.js */ = {isa = PBXFileReference; fileEncoding = 4; lastKnownFileType = sourcecode.javascript; path = "jquery-ui-1.7.2.custom.min.js"; sourceTree = "<group>"; };
		827D7DF6106E9E4B0064FF01 /* css */ = {isa = PBXFileReference; lastKnownFileType = folder; path = css; sourceTree = "<group>"; };
		82A604611065193E00939314 /* Common.h */ = {isa = PBXFileReference; fileEncoding = 4; lastKnownFileType = sourcecode.c.h; name = Common.h; path = src/Common.h; sourceTree = "<group>"; };
		82A604621065193E00939314 /* Common.m */ = {isa = PBXFileReference; fileEncoding = 4; lastKnownFileType = sourcecode.c.objc; name = Common.m; path = src/Common.m; sourceTree = "<group>"; };
		82A606331066B37D00939314 /* styleswitcher.js */ = {isa = PBXFileReference; fileEncoding = 4; lastKnownFileType = sourcecode.javascript; path = styleswitcher.js; sourceTree = "<group>"; };
		82D3C2760EA53D400017EB33 /* Cocoa.framework */ = {isa = PBXFileReference; lastKnownFileType = wrapper.framework; name = Cocoa.framework; path = /System/Library/Frameworks/Cocoa.framework; sourceTree = "<absolute>"; };
		82D3C6260EA543C70017EB33 /* getFitsHeaderAsHTML.py */ = {isa = PBXFileReference; fileEncoding = 4; lastKnownFileType = text.script.python; name = getFitsHeaderAsHTML.py; path = src/getFitsHeaderAsHTML.py; sourceTree = "<group>"; };
		82EC3F450EA66F16004B9ED0 /* WebKit.framework */ = {isa = PBXFileReference; lastKnownFileType = wrapper.framework; name = WebKit.framework; path = /System/Library/Frameworks/WebKit.framework; sourceTree = "<absolute>"; };
		8D576317048677EA00EA77CD /* Info.plist */ = {isa = PBXFileReference; fileEncoding = 4; lastKnownFileType = text.plist; path = Info.plist; sourceTree = "<group>"; };
		C86B05260671AA6E00DD9006 /* CoreServices.framework */ = {isa = PBXFileReference; lastKnownFileType = wrapper.framework; name = CoreServices.framework; path = /System/Library/Frameworks/CoreServices.framework; sourceTree = "<absolute>"; };
		F28CFBFC0A3EC0AF000ABFF5 /* ApplicationServices.framework */ = {isa = PBXFileReference; lastKnownFileType = wrapper.framework; name = ApplicationServices.framework; path = /System/Library/Frameworks/ApplicationServices.framework; sourceTree = "<absolute>"; };
		F28CFC020A3EC0C6000ABFF5 /* QuickLook.framework */ = {isa = PBXFileReference; lastKnownFileType = wrapper.framework; name = QuickLook.framework; path = /System/Library/Frameworks/QuickLook.framework; sourceTree = "<absolute>"; };
/* End PBXFileReference section */

/* Begin PBXFrameworksBuildPhase section */
		82132A1A10B54AFE0067AC71 /* Frameworks */ = {
			isa = PBXFrameworksBuildPhase;
			buildActionMask = 2147483647;
			files = (
				82132A3B10B54D7F0067AC71 /* Cocoa.framework in Frameworks */,
				82132A3C10B54D840067AC71 /* PreferencePanes.framework in Frameworks */,
				63156C0C11A13AA400E456AF /* libqfits.a in Frameworks */,
			);
			runOnlyForDeploymentPostprocessing = 0;
		};
		8D576313048677EA00EA77CD /* Frameworks */ = {
			isa = PBXFrameworksBuildPhase;
			buildActionMask = 2147483647;
			files = (
				8D576314048677EA00EA77CD /* CoreFoundation.framework in Frameworks */,
				C86B05270671AA6E00DD9006 /* CoreServices.framework in Frameworks */,
				F28CFBFD0A3EC0AF000ABFF5 /* ApplicationServices.framework in Frameworks */,
				F28CFC030A3EC0C6000ABFF5 /* QuickLook.framework in Frameworks */,
				82D3C2770EA53D400017EB33 /* Cocoa.framework in Frameworks */,
				82BC8A9F0FA49B2D009193B9 /* WebKit.framework in Frameworks */,
				63156C0E11A13AA400E456AF /* libqfits.a in Frameworks */,
			);
			runOnlyForDeploymentPostprocessing = 0;
		};
/* End PBXFrameworksBuildPhase section */

/* Begin PBXGroup section */
		089C166AFE841209C02AAC07 /* QLFits */ = {
			isa = PBXGroup;
			children = (
				08FB77B6FE84183AC02AAC07 /* main.c */,
				63D50BDA13FBA2D200E965CA /* Shared */,
				82465E2410AE9546003BCCF3 /* Sources */,
				82C67DB9101452130053EC9F /* qfits headers */,
				089C167CFE841241C02AAC07 /* Resources */,
				089C1671FE841209C02AAC07 /* Frameworks and Libraries */,
				19C28FB6FE9D52B211CA2CBB /* Products */,
			);
			name = QLFits;
			sourceTree = "<group>";
		};
		089C1671FE841209C02AAC07 /* Frameworks and Libraries */ = {
			isa = PBXGroup;
			children = (
				8246607710AE958E003BCCF3 /* PrefPane */,
				82465E2B10AE9581003BCCF3 /* Plugin */,
			);
			name = "Frameworks and Libraries";
			sourceTree = "<group>";
		};
		089C167CFE841241C02AAC07 /* Resources */ = {
			isa = PBXGroup;
			children = (
				827D7DF6106E9E4B0064FF01 /* css */,
				8263A728106240B500D925B1 /* js */,
				8D576317048677EA00EA77CD /* Info.plist */,
				8200914C10500EF200DF9822 /* Info-Demo.plist */,
				82132A2010B54AFE0067AC71 /* QLFitsPrefsPane-Info.plist */,
				8D5B49A704867FD3000E48DA /* InfoPlist.strings */,
				821329E710B546DA0067AC71 /* PrefsPane.xib */,
				821329F510B547670067AC71 /* plant.png */,
				821329EF10B547180067AC71 /* QLFitsPref.tiff */,
				635EB6BA10E223CF00B4DE90 /* QLFits.icns */,
			);
			name = Resources;
			sourceTree = "<group>";
		};
		19C28FB6FE9D52B211CA2CBB /* Products */ = {
			isa = PBXGroup;
			children = (
				82132A1C10B54AFE0067AC71 /* QLFits.prefPane */,
				634E4FF110E0CC1C00EC798C /* QLFits.qlgenerator */,
			);
			name = Products;
			sourceTree = "<group>";
		};
		63D50BDA13FBA2D200E965CA /* Shared */ = {
			isa = PBXGroup;
			children = (
				63E5E4E11149661500D300FD /* Constants.h */,
				63E5E4E21149661500D300FD /* Constants.m */,
				82A604611065193E00939314 /* Common.h */,
				82A604621065193E00939314 /* Common.m */,
			);
			name = Shared;
			sourceTree = "<group>";
		};
		82465E2410AE9546003BCCF3 /* Sources */ = {
			isa = PBXGroup;
			children = (
				821329DB10B545980067AC71 /* PrefsController.h */,
				821329DC10B545980067AC71 /* PrefsController.m */,
				2C05A19B06CAA52B00D84F6F /* GeneratePreviewForURL.m */,
				61E3BCFA0870B4F2002186A0 /* GenerateThumbnailForURL.m */,
				823A6D23100B7108004FFB34 /* CocoaFITS.h */,
				823A6D24100B7108004FFB34 /* CocoaFITS.m */,
				82D3C6260EA543C70017EB33 /* getFitsHeaderAsHTML.py */,
			);
			name = Sources;
			sourceTree = "<group>";
		};
		82465E2B10AE9581003BCCF3 /* Plugin */ = {
			isa = PBXGroup;
			children = (
				82EC3F450EA66F16004B9ED0 /* WebKit.framework */,
				82D3C2760EA53D400017EB33 /* Cocoa.framework */,
				F28CFC020A3EC0C6000ABFF5 /* QuickLook.framework */,
				F28CFBFC0A3EC0AF000ABFF5 /* ApplicationServices.framework */,
				C86B05260671AA6E00DD9006 /* CoreServices.framework */,
				0AA1909FFE8422F4C02AAC07 /* CoreFoundation.framework */,
				63156C0B11A13AA400E456AF /* libqfits.a */,
			);
			name = Plugin;
			sourceTree = "<group>";
		};
		8246607710AE958E003BCCF3 /* PrefPane */ = {
			isa = PBXGroup;
			children = (
				8246607A10AE95B6003BCCF3 /* AppKit.framework */,
				8246607C10AE95DB003BCCF3 /* Foundation.framework */,
				8246607E10AE95E5003BCCF3 /* PreferencePanes.framework */,
			);
			name = PrefPane;
			sourceTree = "<group>";
		};
		8263A728106240B500D925B1 /* js */ = {
			isa = PBXGroup;
			children = (
				82A606331066B37D00939314 /* styleswitcher.js */,
				823370D1106294AD002CF9A3 /* jquery.cookie.js */,
				823370CD1062936C002CF9A3 /* jquery.ooCookie.js */,
				8263A729106240B500D925B1 /* jquery-1.3.2.min.js */,
				8263A72A106240B500D925B1 /* jquery-ui-1.7.2.custom.min.js */,
			);
			path = js;
			sourceTree = "<group>";
		};
		82C67DB9101452130053EC9F /* qfits headers */ = {
			isa = PBXGroup;
			children = (
				63F50B7B127BFCCF00919EFB /* config.h */,
				63F50B7C127BFCCF00919EFB /* md5.h */,
				63F50B7D127BFCCF00919EFB /* qfits_byteswap.h */,
				63F50B7E127BFCCF00919EFB /* qfits_cache.h */,
				63F50B7F127BFCCF00919EFB /* qfits_card.h */,
				63F50B80127BFCCF00919EFB /* qfits_error.h */,
				63F50B81127BFCCF00919EFB /* qfits_filename.h */,
				63F50B82127BFCCF00919EFB /* qfits_float.h */,
				63F50B83127BFCCF00919EFB /* qfits_header.h */,
				63F50B84127BFCCF00919EFB /* qfits_image.h */,
				63F50B85127BFCCF00919EFB /* qfits_md5.h */,
				63F50B86127BFCCF00919EFB /* qfits_memory.h */,
				63F50B87127BFCCF00919EFB /* qfits_rw.h */,
				63F50B88127BFCCF00919EFB /* qfits_std.h */,
				63F50B89127BFCCF00919EFB /* qfits_table.h */,
				63F50B8A127BFCCF00919EFB /* qfits_time.h */,
				63F50B8B127BFCCF00919EFB /* qfits_tools.h */,
				63F50B8C127BFCCF00919EFB /* qfits.h */,
			);
			name = "qfits headers";
			path = qfits;
			sourceTree = "<group>";
		};
/* End PBXGroup section */

/* Begin PBXHeadersBuildPhase section */
		82132A4F10B54EB00067AC71 /* Headers */ = {
			isa = PBXHeadersBuildPhase;
			buildActionMask = 2147483647;
			files = (
				82132A4E10B54E920067AC71 /* PrefsController.h in Headers */,
				63E5E4E31149661500D300FD /* Constants.h in Headers */,
				63F50B8D127BFCCF00919EFB /* config.h in Headers */,
				63F50B8E127BFCCF00919EFB /* md5.h in Headers */,
				63F50B8F127BFCCF00919EFB /* qfits_byteswap.h in Headers */,
				63F50B90127BFCCF00919EFB /* qfits_cache.h in Headers */,
				63F50B91127BFCCF00919EFB /* qfits_card.h in Headers */,
				63F50B92127BFCCF00919EFB /* qfits_error.h in Headers */,
				63F50B93127BFCCF00919EFB /* qfits_filename.h in Headers */,
				63F50B94127BFCCF00919EFB /* qfits_float.h in Headers */,
				63F50B95127BFCCF00919EFB /* qfits_header.h in Headers */,
				63F50B96127BFCCF00919EFB /* qfits_image.h in Headers */,
				63F50B97127BFCCF00919EFB /* qfits_md5.h in Headers */,
				63F50B98127BFCCF00919EFB /* qfits_memory.h in Headers */,
				63F50B99127BFCCF00919EFB /* qfits_rw.h in Headers */,
				63F50B9A127BFCCF00919EFB /* qfits_std.h in Headers */,
				63F50B9B127BFCCF00919EFB /* qfits_table.h in Headers */,
				63F50B9C127BFCCF00919EFB /* qfits_time.h in Headers */,
				63F50B9D127BFCCF00919EFB /* qfits_tools.h in Headers */,
				63F50B9E127BFCCF00919EFB /* qfits.h in Headers */,
			);
			runOnlyForDeploymentPostprocessing = 0;
		};
		8D57630E048677EA00EA77CD /* Headers */ = {
			isa = PBXHeadersBuildPhase;
			buildActionMask = 2147483647;
			files = (
				823A6D25100B7108004FFB34 /* CocoaFITS.h in Headers */,
				82A604631065193E00939314 /* Common.h in Headers */,
				63E5E4E71149661500D300FD /* Constants.h in Headers */,
				63F50BB1127BFCCF00919EFB /* config.h in Headers */,
				63F50BB2127BFCCF00919EFB /* md5.h in Headers */,
				63F50BB3127BFCCF00919EFB /* qfits_byteswap.h in Headers */,
				63F50BB4127BFCCF00919EFB /* qfits_cache.h in Headers */,
				63F50BB5127BFCCF00919EFB /* qfits_card.h in Headers */,
				63F50BB6127BFCCF00919EFB /* qfits_error.h in Headers */,
				63F50BB7127BFCCF00919EFB /* qfits_filename.h in Headers */,
				63F50BB8127BFCCF00919EFB /* qfits_float.h in Headers */,
				63F50BB9127BFCCF00919EFB /* qfits_header.h in Headers */,
				63F50BBA127BFCCF00919EFB /* qfits_image.h in Headers */,
				63F50BBB127BFCCF00919EFB /* qfits_md5.h in Headers */,
				63F50BBC127BFCCF00919EFB /* qfits_memory.h in Headers */,
				63F50BBD127BFCCF00919EFB /* qfits_rw.h in Headers */,
				63F50BBE127BFCCF00919EFB /* qfits_std.h in Headers */,
				63F50BBF127BFCCF00919EFB /* qfits_table.h in Headers */,
				63F50BC0127BFCCF00919EFB /* qfits_time.h in Headers */,
				63F50BC1127BFCCF00919EFB /* qfits_tools.h in Headers */,
				63F50BC2127BFCCF00919EFB /* qfits.h in Headers */,
			);
			runOnlyForDeploymentPostprocessing = 0;
		};
/* End PBXHeadersBuildPhase section */

/* Begin PBXNativeTarget section */
		82132A1B10B54AFE0067AC71 /* QLFitsPrefsPane */ = {
			isa = PBXNativeTarget;
			buildConfigurationList = 82132A2310B54AFF0067AC71 /* Build configuration list for PBXNativeTarget "QLFitsPrefsPane" */;
			buildPhases = (
				82132A4F10B54EB00067AC71 /* Headers */,
				82132A1810B54AFE0067AC71 /* Resources */,
				82132A1910B54AFE0067AC71 /* Sources */,
				82132A1A10B54AFE0067AC71 /* Frameworks */,
				82F46E6910E748E200E049A8 /* CopyFiles */,
				82132A3A10B54D2E0067AC71 /* CopyFiles */,
			);
			buildRules = (
			);
			dependencies = (
			);
			name = QLFitsPrefsPane;
			productName = QLFitsPrefsPane;
			productReference = 82132A1C10B54AFE0067AC71 /* QLFits.prefPane */;
			productType = "com.apple.product-type.bundle";
		};
		8D57630D048677EA00EA77CD /* QLFits */ = {
			isa = PBXNativeTarget;
			buildConfigurationList = 2CA3261E0896AD4900168862 /* Build configuration list for PBXNativeTarget "QLFits" */;
			buildPhases = (
				8D57630E048677EA00EA77CD /* Headers */,
				8D57630F048677EA00EA77CD /* Resources */,
				8263A7C61062428800D925B1 /* Copy Files js */,
				8D576311048677EA00EA77CD /* Sources */,
				8D576313048677EA00EA77CD /* Frameworks */,
				63D82C1F10E0CB3F008E83D9 /* CopyFiles */,
				632CBB1E10FB39A1004A14C0 /* ShellScript */,
			);
			buildRules = (
			);
			dependencies = (
			);
			name = QLFits;
			productInstallPath = /Library/QuickLook;
			productName = QLFits;
			productReference = 634E4FF110E0CC1C00EC798C /* QLFits.qlgenerator */;
			productType = "com.apple.product-type.bundle";
		};
/* End PBXNativeTarget section */

/* Begin PBXProject section */
		089C1669FE841209C02AAC07 /* Project object */ = {
			isa = PBXProject;
			attributes = {
				LastUpgradeCheck = 0420;
				ORGANIZATIONNAME = "Soft Tenebras Lux";
			};
			buildConfigurationList = 2CA326220896AD4900168862 /* Build configuration list for PBXProject "QLFits" */;
			compatibilityVersion = "Xcode 3.2";
			developmentRegion = English;
			hasScannedForEncodings = 1;
			knownRegions = (
				en,
			);
			mainGroup = 089C166AFE841209C02AAC07 /* QLFits */;
			projectDirPath = "";
			projectRoot = "";
			targets = (
				8D57630D048677EA00EA77CD /* QLFits */,
				82132A1B10B54AFE0067AC71 /* QLFitsPrefsPane */,
			);
		};
/* End PBXProject section */

/* Begin PBXResourcesBuildPhase section */
		82132A1810B54AFE0067AC71 /* Resources */ = {
			isa = PBXResourcesBuildPhase;
			buildActionMask = 2147483647;
			files = (
				82132A4B10B54E6D0067AC71 /* InfoPlist.strings in Resources */,
				82132A4810B54E5A0067AC71 /* PrefsPane.xib in Resources */,
				82132A4910B54E5A0067AC71 /* plant.png in Resources */,
				82132A4A10B54E5A0067AC71 /* QLFitsPref.tiff in Resources */,
				635EB6BB10E223CF00B4DE90 /* QLFits.icns in Resources */,
			);
			runOnlyForDeploymentPostprocessing = 0;
		};
		8D57630F048677EA00EA77CD /* Resources */ = {
			isa = PBXResourcesBuildPhase;
			buildActionMask = 2147483647;
			files = (
				8D5B49A804867FD3000E48DA /* InfoPlist.strings in Resources */,
				82D3C6270EA543C70017EB33 /* getFitsHeaderAsHTML.py in Resources */,
				827D7EBB106E9E4B0064FF01 /* css in Resources */,
			);
			runOnlyForDeploymentPostprocessing = 0;
		};
/* End PBXResourcesBuildPhase section */

/* Begin PBXShellScriptBuildPhase section */
		632CBB1E10FB39A1004A14C0 /* ShellScript */ = {
			isa = PBXShellScriptBuildPhase;
			buildActionMask = 2147483647;
			files = (
			);
			inputPaths = (
			);
			outputPaths = (
			);
			runOnlyForDeploymentPostprocessing = 0;
			shellPath = /bin/sh;
			shellScript = "qlmanage -r";
			showEnvVarsInLog = 0;
		};
/* End PBXShellScriptBuildPhase section */

/* Begin PBXSourcesBuildPhase section */
		82132A1910B54AFE0067AC71 /* Sources */ = {
			isa = PBXSourcesBuildPhase;
			buildActionMask = 2147483647;
			files = (
				82132A4210B54E180067AC71 /* PrefsController.m in Sources */,
				63E5E4E41149661500D300FD /* Constants.m in Sources */,
			);
			runOnlyForDeploymentPostprocessing = 0;
		};
		8D576311048677EA00EA77CD /* Sources */ = {
			isa = PBXSourcesBuildPhase;
			buildActionMask = 2147483647;
			files = (
				8D576312048677EA00EA77CD /* main.c in Sources */,
				2C05A19C06CAA52B00D84F6F /* GeneratePreviewForURL.m in Sources */,
				61E3BCFB0870B4F2002186A0 /* GenerateThumbnailForURL.m in Sources */,
				823A6D26100B7108004FFB34 /* CocoaFITS.m in Sources */,
				82A604641065193E00939314 /* Common.m in Sources */,
				63E5E4E81149661500D300FD /* Constants.m in Sources */,
			);
			runOnlyForDeploymentPostprocessing = 0;
		};
/* End PBXSourcesBuildPhase section */

/* Begin PBXVariantGroup section */
		821329E710B546DA0067AC71 /* PrefsPane.xib */ = {
			isa = PBXVariantGroup;
			children = (
				821329E810B546DA0067AC71 /* English */,
			);
			name = PrefsPane.xib;
			sourceTree = "<group>";
		};
		8D5B49A704867FD3000E48DA /* InfoPlist.strings */ = {
			isa = PBXVariantGroup;
			children = (
				089C167EFE841241C02AAC07 /* English */,
			);
			name = InfoPlist.strings;
			sourceTree = "<group>";
		};
/* End PBXVariantGroup section */

/* Begin XCBuildConfiguration section */
		2CA326200896AD4900168862 /* Release */ = {
			isa = XCBuildConfiguration;
			buildSettings = {
				ARCHS = (
					x86_64,
					i386,
				);
				DEBUG_INFORMATION_FORMAT = "dwarf-with-dsym";
				DEPLOYMENT_LOCATION = NO;
				FRAMEWORK_SEARCH_PATHS = "$(inherited)";
				GCC_PRECOMPILE_PREFIX_HEADER = NO;
				INFOPLIST_FILE = Info.plist;
				INSTALL_PATH = /Library/QuickLook;
				LIBRARY_SEARCH_PATHS = "$(PROJECT_DIR)/qfits";
				MACOSX_DEPLOYMENT_TARGET = 10.5;
				PRODUCT_NAME = QLFits;
				SDKROOT = macosx;
				SKIP_INSTALL = NO;
				STRIP_STYLE = "non-global";
				VALID_ARCHS = "x86_64 i386";
				WRAPPER_EXTENSION = qlgenerator;
			};
			name = Release;
		};
		2CA326240896AD4900168862 /* Release */ = {
			isa = XCBuildConfiguration;
			buildSettings = {
				ARCHS = (
					x86_64,
					i386,
				);
				GCC_CHAR_IS_UNSIGNED_CHAR = NO;
				GCC_ENABLE_OBJC_GC = supported;
				GCC_WARN_ABOUT_RETURN_TYPE = YES;
				GCC_WARN_UNUSED_VARIABLE = YES;
				LIBRARY_SEARCH_PATHS = "";
				SDKROOT = macosx;
				VALID_ARCHS = "i386 x86_64";
			};
			name = Release;
		};
		82132A2110B54AFE0067AC71 /* Release */ = {
			isa = XCBuildConfiguration;
			buildSettings = {
				ALWAYS_SEARCH_USER_PATHS = NO;
				ARCHS = (
					i386,
					x86_64,
				);
				COPY_PHASE_STRIP = YES;
				DEBUG_INFORMATION_FORMAT = "dwarf-with-dsym";
				GCC_ENABLE_OBJC_GC = supported;
				GCC_PRECOMPILE_PREFIX_HEADER = YES;
				GCC_PREFIX_HEADER = "$(SYSTEM_LIBRARY_DIR)/Frameworks/AppKit.framework/Headers/AppKit.h";
				INFOPLIST_FILE = "QLFitsPrefsPane-Info.plist";
				LIBRARY_SEARCH_PATHS = "\"$(PROJECT_DIR)/qfits";
				OTHER_LDFLAGS = (
					"-framework",
					Foundation,
					"-framework",
					AppKit,
				);
				PRODUCT_NAME = QLFits;
				SDKROOT = macosx;
				VALID_ARCHS = "i386 x86_64";
				WRAPPER_EXTENSION = prefPane;
			};
			name = Release;
		};
/* End XCBuildConfiguration section */

/* Begin XCConfigurationList section */
		2CA3261E0896AD4900168862 /* Build configuration list for PBXNativeTarget "QLFits" */ = {
			isa = XCConfigurationList;
			buildConfigurations = (
				2CA326200896AD4900168862 /* Release */,
			);
			defaultConfigurationIsVisible = 0;
			defaultConfigurationName = Release;
		};
		2CA326220896AD4900168862 /* Build configuration list for PBXProject "QLFits" */ = {
			isa = XCConfigurationList;
			buildConfigurations = (
				2CA326240896AD4900168862 /* Release */,
			);
			defaultConfigurationIsVisible = 0;
			defaultConfigurationName = Release;
		};
		82132A2310B54AFF0067AC71 /* Build configuration list for PBXNativeTarget "QLFitsPrefsPane" */ = {
			isa = XCConfigurationList;
			buildConfigurations = (
				82132A2110B54AFE0067AC71 /* Release */,
			);
			defaultConfigurationIsVisible = 0;
			defaultConfigurationName = Release;
		};
/* End XCConfigurationList section */
	};
	rootObject = 089C1669FE841209C02AAC07 /* Project object */;
}
