PODS:
  - AstroCocoaPackage (1.0.0)
  - KissXML (5.0)
  - ObjCFITSIO (0.0.1):
    - RegexKitLite (~> 4.0)
  - RegexKitLite (4.0)

DEPENDENCIES:
  - AstroCocoaPackage (from `~/Apps/AstroCocoaPackage`)
  - KissXML (~> 5.0)
  - ObjCFITSIO (from `~/Apps/ObjCFITSIO`)
  - RegexKitLite (~> 4.0)

EXTERNAL SOURCES:
  AstroCocoaPackage:
    :path: ~/Apps/AstroCocoaPackage
  ObjCFITSIO:
    :path: ~/Apps/ObjCFITSIO

SPEC CHECKSUMS:
  AstroCocoaPackage: 6494324fbe1e74dbb2c50b6f197e7a537a36f76b
  KissXML: 4c66b6f39ef49c23e6bb8d335b94136f12b1b615
  ObjCFITSIO: f1acc30f3ec37ca793c3e892e087ce0e8d0d69e4
  RegexKitLite: f7af7b4d2b675cd2ec9a4abab6aad6ae1f6499c0

COCOAPODS: 0.28.0
