PODS:
  - AstroCocoaKit (0.1.1)
  - ObjCFITSIO (0.2.5):
    - RegexKitLite (~> 4.0)
  - RegexKitLite (4.0)

DEPENDENCIES:
  - AstroCocoaKit (~> 0.1)
  - ObjCFITSIO (~> 0.2.5)
  - RegexKitLite (~> 4.0)

SPEC CHECKSUMS:
  AstroCocoaKit: 09bf1260b3c87e4beb67a62768faf5a12b3a03ca
  ObjCFITSIO: b3f40c2b4dda6ab8233c12cafeb8b26638814020
  RegexKitLite: c0e4c12e6e7de0769f3a3ed679f0f61604170661

COCOAPODS: 0.34.4
