// !$*UTF8*$!
{
	archiveVersion = 1;
	classes = {
	};
	objectVersion = 46;
	objects = {

/* Begin PBXBuildFile section */
		9F272C331AE0093100DAD6D3 /* defaultOptions.plist in Resources */ = {isa = PBXBuildFile; fileRef = 9F272C321AE0093100DAD6D3 /* defaultOptions.plist */; };
		9F276CC61AA7BD1500038036 /* template_error.html in Resources */ = {isa = PBXBuildFile; fileRef = 9F276CC51AA7BD1500038036 /* template_error.html */; };
		9F713EA41ADA66080083E78B /* MainMenu.xib in Resources */ = {isa = PBXBuildFile; fileRef = 9F713EA31ADA66080083E78B /* MainMenu.xib */; };
		9F9EAACB1AD50B2600EE2C25 /* AppDelegate.m in Sources */ = {isa = PBXBuildFile; fileRef = 9F9EAACA1AD50B2600EE2C25 /* AppDelegate.m */; };
		9F9EAACD1AD50B2600EE2C25 /* main.m in Sources */ = {isa = PBXBuildFile; fileRef = 9F9EAACC1AD50B2600EE2C25 /* main.m */; };
		9F9EAADE1AD50B2600EE2C25 /* QLFitsConfigTests.m in Sources */ = {isa = PBXBuildFile; fileRef = 9F9EAADD1AD50B2600EE2C25 /* QLFitsConfigTests.m */; };
		9FA598CB1AD81DBF00A9F265 /* QLFitsConfig.app in Copy Config App */ = {isa = PBXBuildFile; fileRef = 9F9EAAC51AD50B2600EE2C25 /* QLFitsConfig.app */; };
		9FD71F751D749C9800E6F656 /* ObjCFITSIO.framework in Frameworks */ = {isa = PBXBuildFile; fileRef = 9FD71F741D749C9800E6F656 /* ObjCFITSIO.framework */; };
		9FD71F761D749CC500E6F656 /* ObjCFITSIO.framework in CopyFiles */ = {isa = PBXBuildFile; fileRef = 9FD71F741D749C9800E6F656 /* ObjCFITSIO.framework */; settings = {ATTRIBUTES = (CodeSignOnCopy, RemoveHeadersOnCopy, ); }; };
		9FD71F781D749D6E00E6F656 /* Cartfile in Resources */ = {isa = PBXBuildFile; fileRef = 9FD71F771D749D6E00E6F656 /* Cartfile */; };
		9FF55C401A067BF4005AA2BD /* GenerateThumbnailForURL.m in Sources */ = {isa = PBXBuildFile; fileRef = 9FF55C3F1A067BF4005AA2BD /* GenerateThumbnailForURL.m */; };
		9FF55C421A067BF4005AA2BD /* GeneratePreviewForURL.m in Sources */ = {isa = PBXBuildFile; fileRef = 9FF55C411A067BF4005AA2BD /* GeneratePreviewForURL.m */; };
		9FF55C441A067BF4005AA2BD /* main.c in Sources */ = {isa = PBXBuildFile; fileRef = 9FF55C431A067BF4005AA2BD /* main.c */; };
		9FF55C511A067C4E005AA2BD /* cdlzscale.c in Sources */ = {isa = PBXBuildFile; fileRef = 9FF55C4A1A067C4E005AA2BD /* cdlzscale.c */; };
		9FF55C521A067C4E005AA2BD /* cdlzscale.h in Headers */ = {isa = PBXBuildFile; fileRef = 9FF55C4B1A067C4E005AA2BD /* cdlzscale.h */; };
		9FF55C531A067C4E005AA2BD /* Common.h in Headers */ = {isa = PBXBuildFile; fileRef = 9FF55C4C1A067C4E005AA2BD /* Common.h */; };
		9FF55C541A067C4E005AA2BD /* Common.m in Sources */ = {isa = PBXBuildFile; fileRef = 9FF55C4D1A067C4E005AA2BD /* Common.m */; };
		9FF55C551A067C4E005AA2BD /* DebugLog.h in Headers */ = {isa = PBXBuildFile; fileRef = 9FF55C4E1A067C4E005AA2BD /* DebugLog.h */; };
		9FF55C561A067C4E005AA2BD /* DebugLog.m in Sources */ = {isa = PBXBuildFile; fileRef = 9FF55C4F1A067C4E005AA2BD /* DebugLog.m */; };
		9FF55C571A067C4E005AA2BD /* template.html in Resources */ = {isa = PBXBuildFile; fileRef = 9FF55C501A067C4E005AA2BD /* template.html */; };
		9FF55C591A067D3D005AA2BD /* AppKit.framework in Frameworks */ = {isa = PBXBuildFile; fileRef = 9FF55C581A067D3D005AA2BD /* AppKit.framework */; };
		9FFD33F81AA4BA3500D0B271 /* libicucore.dylib in Frameworks */ = {isa = PBXBuildFile; fileRef = 9FFD33F71AA4BA3500D0B271 /* libicucore.dylib */; };
/* End PBXBuildFile section */

/* Begin PBXContainerItemProxy section */
		9F9EAAD81AD50B2600EE2C25 /* PBXContainerItemProxy */ = {
			isa = PBXContainerItemProxy;
			containerPortal = 9FF55C311A067BF4005AA2BD /* Project object */;
			proxyType = 1;
			remoteGlobalIDString = 9F9EAAC41AD50B2600EE2C25;
			remoteInfo = QLFitsConfig;
		};
		9FA598C81AD81D5500A9F265 /* PBXContainerItemProxy */ = {
			isa = PBXContainerItemProxy;
			containerPortal = 9FF55C311A067BF4005AA2BD /* Project object */;
			proxyType = 1;
			remoteGlobalIDString = 9F9EAAC41AD50B2600EE2C25;
			remoteInfo = QLFitsConfig;
		};
/* End PBXContainerItemProxy section */

/* Begin PBXCopyFilesBuildPhase section */
		9FA598CA1AD81D7200A9F265 /* Copy Config App */ = {
			isa = PBXCopyFilesBuildPhase;
			buildActionMask = 2147483647;
			dstPath = "${BUILT_PRODUCTS_DIR}/${CONTENTS_FOLDER_PATH}/Helpers";
			dstSubfolderSpec = 0;
			files = (
				9FA598CB1AD81DBF00A9F265 /* QLFitsConfig.app in Copy Config App */,
			);
			name = "Copy Config App";
			runOnlyForDeploymentPostprocessing = 0;
		};
		9FFD33FD1AA4BD9B00D0B271 /* CopyFiles */ = {
			isa = PBXCopyFilesBuildPhase;
			buildActionMask = 2147483647;
			dstPath = "";
			dstSubfolderSpec = 10;
			files = (
				9FD71F761D749CC500E6F656 /* ObjCFITSIO.framework in CopyFiles */,
			);
			runOnlyForDeploymentPostprocessing = 0;
		};
/* End PBXCopyFilesBuildPhase section */

/* Begin PBXFileReference section */
		9F272C321AE0093100DAD6D3 /* defaultOptions.plist */ = {isa = PBXFileReference; fileEncoding = 4; lastKnownFileType = text.plist.xml; path = defaultOptions.plist; sourceTree = "<group>"; };
		9F276CC51AA7BD1500038036 /* template_error.html */ = {isa = PBXFileReference; fileEncoding = 4; lastKnownFileType = text.html; path = template_error.html; sourceTree = "<group>"; };
		9F69F7391AB073E700F85482 /* install.sh */ = {isa = PBXFileReference; lastKnownFileType = text.script.sh; name = install.sh; path = Scripts/install.sh; sourceTree = SOURCE_ROOT; };
		9F713EA31ADA66080083E78B /* MainMenu.xib */ = {isa = PBXFileReference; fileEncoding = 4; lastKnownFileType = file.xib; path = MainMenu.xib; sourceTree = "<group>"; };
		9F9EAAC51AD50B2600EE2C25 /* QLFitsConfig.app */ = {isa = PBXFileReference; explicitFileType = wrapper.application; includeInIndex = 0; path = QLFitsConfig.app; sourceTree = BUILT_PRODUCTS_DIR; };
		9F9EAAC81AD50B2600EE2C25 /* Info.plist */ = {isa = PBXFileReference; lastKnownFileType = text.plist.xml; path = Info.plist; sourceTree = "<group>"; };
		9F9EAAC91AD50B2600EE2C25 /* AppDelegate.h */ = {isa = PBXFileReference; lastKnownFileType = sourcecode.c.h; path = AppDelegate.h; sourceTree = "<group>"; };
		9F9EAACA1AD50B2600EE2C25 /* AppDelegate.m */ = {isa = PBXFileReference; lastKnownFileType = sourcecode.c.objc; path = AppDelegate.m; sourceTree = "<group>"; };
		9F9EAACC1AD50B2600EE2C25 /* main.m */ = {isa = PBXFileReference; lastKnownFileType = sourcecode.c.objc; path = main.m; sourceTree = "<group>"; };
		9F9EAAD71AD50B2600EE2C25 /* QLFitsConfigTests.xctest */ = {isa = PBXFileReference; explicitFileType = wrapper.cfbundle; includeInIndex = 0; path = QLFitsConfigTests.xctest; sourceTree = BUILT_PRODUCTS_DIR; };
		9F9EAADC1AD50B2600EE2C25 /* Info.plist */ = {isa = PBXFileReference; lastKnownFileType = text.plist.xml; path = Info.plist; sourceTree = "<group>"; };
		9F9EAADD1AD50B2600EE2C25 /* QLFitsConfigTests.m */ = {isa = PBXFileReference; lastKnownFileType = sourcecode.c.objc; path = QLFitsConfigTests.m; sourceTree = "<group>"; };
		9FD71F741D749C9800E6F656 /* ObjCFITSIO.framework */ = {isa = PBXFileReference; lastKnownFileType = wrapper.framework; name = ObjCFITSIO.framework; path = Carthage/Build/Mac/ObjCFITSIO.framework; sourceTree = SOURCE_ROOT; };
		9FD71F771D749D6E00E6F656 /* Cartfile */ = {isa = PBXFileReference; fileEncoding = 4; lastKnownFileType = text; path = Cartfile; sourceTree = SOURCE_ROOT; };
		9FF55C3A1A067BF4005AA2BD /* QLFits3.qlgenerator */ = {isa = PBXFileReference; explicitFileType = wrapper.cfbundle; includeInIndex = 0; path = QLFits3.qlgenerator; sourceTree = BUILT_PRODUCTS_DIR; };
		9FF55C3E1A067BF4005AA2BD /* Info.plist */ = {isa = PBXFileReference; lastKnownFileType = text.plist.xml; path = Info.plist; sourceTree = "<group>"; };
		9FF55C3F1A067BF4005AA2BD /* GenerateThumbnailForURL.m */ = {isa = PBXFileReference; lastKnownFileType = sourcecode.c.objc; path = GenerateThumbnailForURL.m; sourceTree = "<group>"; };
		9FF55C411A067BF4005AA2BD /* GeneratePreviewForURL.m */ = {isa = PBXFileReference; lastKnownFileType = sourcecode.c.objc; path = GeneratePreviewForURL.m; sourceTree = "<group>"; };
		9FF55C431A067BF4005AA2BD /* main.c */ = {isa = PBXFileReference; lastKnownFileType = sourcecode.c.c; path = main.c; sourceTree = "<group>"; };
		9FF55C4A1A067C4E005AA2BD /* cdlzscale.c */ = {isa = PBXFileReference; fileEncoding = 4; lastKnownFileType = sourcecode.c.c; path = cdlzscale.c; sourceTree = "<group>"; };
		9FF55C4B1A067C4E005AA2BD /* cdlzscale.h */ = {isa = PBXFileReference; fileEncoding = 4; lastKnownFileType = sourcecode.c.h; path = cdlzscale.h; sourceTree = "<group>"; };
		9FF55C4C1A067C4E005AA2BD /* Common.h */ = {isa = PBXFileReference; fileEncoding = 4; lastKnownFileType = sourcecode.c.h; path = Common.h; sourceTree = "<group>"; };
		9FF55C4D1A067C4E005AA2BD /* Common.m */ = {isa = PBXFileReference; fileEncoding = 4; lastKnownFileType = sourcecode.c.objc; path = Common.m; sourceTree = "<group>"; };
		9FF55C4E1A067C4E005AA2BD /* DebugLog.h */ = {isa = PBXFileReference; fileEncoding = 4; lastKnownFileType = sourcecode.c.h; path = DebugLog.h; sourceTree = "<group>"; };
		9FF55C4F1A067C4E005AA2BD /* DebugLog.m */ = {isa = PBXFileReference; fileEncoding = 4; lastKnownFileType = sourcecode.c.objc; path = DebugLog.m; sourceTree = "<group>"; };
		9FF55C501A067C4E005AA2BD /* template.html */ = {isa = PBXFileReference; fileEncoding = 4; lastKnownFileType = text.html; path = template.html; sourceTree = "<group>"; };
		9FF55C581A067D3D005AA2BD /* AppKit.framework */ = {isa = PBXFileReference; lastKnownFileType = wrapper.framework; name = AppKit.framework; path = System/Library/Frameworks/AppKit.framework; sourceTree = SDKROOT; };
		9FFD33E91AA4AA4300D0B271 /* README.md */ = {isa = PBXFileReference; lastKnownFileType = net.daringfireball.markdown; path = README.md; sourceTree = SOURCE_ROOT; };
		9FFD33F71AA4BA3500D0B271 /* libicucore.dylib */ = {isa = PBXFileReference; lastKnownFileType = "compiled.mach-o.dylib"; name = libicucore.dylib; path = usr/lib/libicucore.dylib; sourceTree = SDKROOT; };
		9FFD60621AC191E9000F2F94 /* ObjCFITSIO.framework */ = {isa = PBXFileReference; lastKnownFileType = wrapper.framework; path = ObjCFITSIO.framework; sourceTree = BUILT_PRODUCTS_DIR; };
/* End PBXFileReference section */

/* Begin PBXFrameworksBuildPhase section */
		9F9EAAC21AD50B2600EE2C25 /* Frameworks */ = {
			isa = PBXFrameworksBuildPhase;
			buildActionMask = 2147483647;
			files = (
			);
			runOnlyForDeploymentPostprocessing = 0;
		};
		9F9EAAD41AD50B2600EE2C25 /* Frameworks */ = {
			isa = PBXFrameworksBuildPhase;
			buildActionMask = 2147483647;
			files = (
			);
			runOnlyForDeploymentPostprocessing = 0;
		};
		9FF55C361A067BF4005AA2BD /* Frameworks */ = {
			isa = PBXFrameworksBuildPhase;
			buildActionMask = 2147483647;
			files = (
				9FD71F751D749C9800E6F656 /* ObjCFITSIO.framework in Frameworks */,
				9FFD33F81AA4BA3500D0B271 /* libicucore.dylib in Frameworks */,
				9FF55C591A067D3D005AA2BD /* AppKit.framework in Frameworks */,
			);
			runOnlyForDeploymentPostprocessing = 0;
		};
/* End PBXFrameworksBuildPhase section */

/* Begin PBXGroup section */
		5F80857175C128FA0C69EF83 /* Frameworks */ = {
			isa = PBXGroup;
			children = (
				9FFD60621AC191E9000F2F94 /* ObjCFITSIO.framework */,
				9FFD33F71AA4BA3500D0B271 /* libicucore.dylib */,
				9FF55C581A067D3D005AA2BD /* AppKit.framework */,
			);
			name = Frameworks;
			sourceTree = "<group>";
		};
		9F9EAAC61AD50B2600EE2C25 /* QLFitsConfig */ = {
			isa = PBXGroup;
			children = (
				9F9EAAC91AD50B2600EE2C25 /* AppDelegate.h */,
				9F9EAACA1AD50B2600EE2C25 /* AppDelegate.m */,
				9F713EA31ADA66080083E78B /* MainMenu.xib */,
				9F9EAAC71AD50B2600EE2C25 /* Supporting Files */,
			);
			path = QLFitsConfig;
			sourceTree = "<group>";
		};
		9F9EAAC71AD50B2600EE2C25 /* Supporting Files */ = {
			isa = PBXGroup;
			children = (
				9F9EAAC81AD50B2600EE2C25 /* Info.plist */,
				9F272C321AE0093100DAD6D3 /* defaultOptions.plist */,
				9F9EAACC1AD50B2600EE2C25 /* main.m */,
			);
			name = "Supporting Files";
			sourceTree = "<group>";
		};
		9F9EAADA1AD50B2600EE2C25 /* QLFitsConfigTests */ = {
			isa = PBXGroup;
			children = (
				9F9EAADD1AD50B2600EE2C25 /* QLFitsConfigTests.m */,
				9F9EAADB1AD50B2600EE2C25 /* Supporting Files */,
			);
			path = QLFitsConfigTests;
			sourceTree = "<group>";
		};
		9F9EAADB1AD50B2600EE2C25 /* Supporting Files */ = {
			isa = PBXGroup;
			children = (
				9F9EAADC1AD50B2600EE2C25 /* Info.plist */,
			);
			name = "Supporting Files";
			sourceTree = "<group>";
		};
		9FF55C301A067BF4005AA2BD = {
			isa = PBXGroup;
			children = (
				9FF55C3C1A067BF4005AA2BD /* QLFits3 */,
				9FF55C3D1A067BF4005AA2BD /* Supporting Files */,
				9F9EAAC61AD50B2600EE2C25 /* QLFitsConfig */,
				9F9EAADA1AD50B2600EE2C25 /* QLFitsConfigTests */,
				9FF55C3B1A067BF4005AA2BD /* Products */,
				5F80857175C128FA0C69EF83 /* Frameworks */,
			);
			sourceTree = "<group>";
		};
		9FF55C3B1A067BF4005AA2BD /* Products */ = {
			isa = PBXGroup;
			children = (
				9FF55C3A1A067BF4005AA2BD /* QLFits3.qlgenerator */,
				9F9EAAC51AD50B2600EE2C25 /* QLFitsConfig.app */,
				9F9EAAD71AD50B2600EE2C25 /* QLFitsConfigTests.xctest */,
			);
			name = Products;
			sourceTree = "<group>";
		};
		9FF55C3C1A067BF4005AA2BD /* QLFits3 */ = {
			isa = PBXGroup;
			children = (
				9FF55C3F1A067BF4005AA2BD /* GenerateThumbnailForURL.m */,
				9FF55C411A067BF4005AA2BD /* GeneratePreviewForURL.m */,
				9FF55C431A067BF4005AA2BD /* main.c */,
				9FF55C4A1A067C4E005AA2BD /* cdlzscale.c */,
				9FF55C4B1A067C4E005AA2BD /* cdlzscale.h */,
				9FF55C4C1A067C4E005AA2BD /* Common.h */,
				9FF55C4D1A067C4E005AA2BD /* Common.m */,
				9FF55C4E1A067C4E005AA2BD /* DebugLog.h */,
				9FF55C4F1A067C4E005AA2BD /* DebugLog.m */,
			);
			path = QLFits3;
			sourceTree = "<group>";
		};
		9FF55C3D1A067BF4005AA2BD /* Supporting Files */ = {
			isa = PBXGroup;
			children = (
				9FFD33E91AA4AA4300D0B271 /* README.md */,
				9FD71F771D749D6E00E6F656 /* Cartfile */,
				9FF55C501A067C4E005AA2BD /* template.html */,
				9F276CC51AA7BD1500038036 /* template_error.html */,
				9FF55C3E1A067BF4005AA2BD /* Info.plist */,
				9F69F7391AB073E700F85482 /* install.sh */,
				9FD71F741D749C9800E6F656 /* ObjCFITSIO.framework */,
			);
			name = "Supporting Files";
			path = QLFits3;
			sourceTree = "<group>";
		};
/* End PBXGroup section */

/* Begin PBXHeadersBuildPhase section */
		9FF55C371A067BF4005AA2BD /* Headers */ = {
			isa = PBXHeadersBuildPhase;
			buildActionMask = 2147483647;
			files = (
				9FF55C521A067C4E005AA2BD /* cdlzscale.h in Headers */,
				9FF55C551A067C4E005AA2BD /* DebugLog.h in Headers */,
				9FF55C531A067C4E005AA2BD /* Common.h in Headers */,
			);
			runOnlyForDeploymentPostprocessing = 0;
		};
/* End PBXHeadersBuildPhase section */

/* Begin PBXNativeTarget section */
		9F9EAAC41AD50B2600EE2C25 /* QLFitsConfig */ = {
			isa = PBXNativeTarget;
			buildConfigurationList = 9F9EAAE31AD50B2600EE2C25 /* Build configuration list for PBXNativeTarget "QLFitsConfig" */;
			buildPhases = (
				9F9EAAC11AD50B2600EE2C25 /* Sources */,
				9F9EAAC21AD50B2600EE2C25 /* Frameworks */,
				9F9EAAC31AD50B2600EE2C25 /* Resources */,
			);
			buildRules = (
			);
			dependencies = (
			);
			name = QLFitsConfig;
			productName = QLFitsConfig;
			productReference = 9F9EAAC51AD50B2600EE2C25 /* QLFitsConfig.app */;
			productType = "com.apple.product-type.application";
		};
		9F9EAAD61AD50B2600EE2C25 /* QLFitsConfigTests */ = {
			isa = PBXNativeTarget;
			buildConfigurationList = 9F9EAAE41AD50B2600EE2C25 /* Build configuration list for PBXNativeTarget "QLFitsConfigTests" */;
			buildPhases = (
				9F9EAAD31AD50B2600EE2C25 /* Sources */,
				9F9EAAD41AD50B2600EE2C25 /* Frameworks */,
				9F9EAAD51AD50B2600EE2C25 /* Resources */,
			);
			buildRules = (
			);
			dependencies = (
				9F9EAAD91AD50B2600EE2C25 /* PBXTargetDependency */,
			);
			name = QLFitsConfigTests;
			productName = QLFitsConfigTests;
			productReference = 9F9EAAD71AD50B2600EE2C25 /* QLFitsConfigTests.xctest */;
			productType = "com.apple.product-type.bundle.unit-test";
		};
		9FF55C391A067BF4005AA2BD /* QLFits3 */ = {
			isa = PBXNativeTarget;
			buildConfigurationList = 9FF55C471A067BF4005AA2BD /* Build configuration list for PBXNativeTarget "QLFits3" */;
			buildPhases = (
				9FF55C351A067BF4005AA2BD /* Sources */,
				9FF55C361A067BF4005AA2BD /* Frameworks */,
				9FF55C371A067BF4005AA2BD /* Headers */,
				9FFD33FD1AA4BD9B00D0B271 /* CopyFiles */,
				9FF55C381A067BF4005AA2BD /* Resources */,
				9FA598CA1AD81D7200A9F265 /* Copy Config App */,
				9FFFEA181A0680D000CA6007 /* Install QuickLook Plugin */,
			);
			buildRules = (
			);
			dependencies = (
				9FA598C91AD81D5500A9F265 /* PBXTargetDependency */,
			);
			name = QLFits3;
			productName = QLFits3;
			productReference = 9FF55C3A1A067BF4005AA2BD /* QLFits3.qlgenerator */;
			productType = "com.apple.product-type.bundle";
		};
/* End PBXNativeTarget section */

/* Begin PBXProject section */
		9FF55C311A067BF4005AA2BD /* Project object */ = {
			isa = PBXProject;
			attributes = {
				LastUpgradeCheck = 1120;
				ORGANIZATIONNAME = onekiloparsec;
				TargetAttributes = {
					9F9EAAC41AD50B2600EE2C25 = {
						CreatedOnToolsVersion = 6.2;
					};
					9F9EAAD61AD50B2600EE2C25 = {
						CreatedOnToolsVersion = 6.2;
						TestTargetID = 9F9EAAC41AD50B2600EE2C25;
					};
					9FF55C391A067BF4005AA2BD = {
						CreatedOnToolsVersion = 6.1;
						DevelopmentTeam = MD266WQ2E2;
					};
				};
			};
			buildConfigurationList = 9FF55C341A067BF4005AA2BD /* Build configuration list for PBXProject "QLFits3" */;
			compatibilityVersion = "Xcode 3.2";
			developmentRegion = en;
			hasScannedForEncodings = 0;
			knownRegions = (
				en,
				Base,
			);
			mainGroup = 9FF55C301A067BF4005AA2BD;
			productRefGroup = 9FF55C3B1A067BF4005AA2BD /* Products */;
			projectDirPath = "";
			projectRoot = "";
			targets = (
				9FF55C391A067BF4005AA2BD /* QLFits3 */,
				9F9EAAC41AD50B2600EE2C25 /* QLFitsConfig */,
				9F9EAAD61AD50B2600EE2C25 /* QLFitsConfigTests */,
			);
		};
/* End PBXProject section */

/* Begin PBXResourcesBuildPhase section */
		9F9EAAC31AD50B2600EE2C25 /* Resources */ = {
			isa = PBXResourcesBuildPhase;
			buildActionMask = 2147483647;
			files = (
				9F713EA41ADA66080083E78B /* MainMenu.xib in Resources */,
				9F272C331AE0093100DAD6D3 /* defaultOptions.plist in Resources */,
			);
			runOnlyForDeploymentPostprocessing = 0;
		};
		9F9EAAD51AD50B2600EE2C25 /* Resources */ = {
			isa = PBXResourcesBuildPhase;
			buildActionMask = 2147483647;
			files = (
			);
			runOnlyForDeploymentPostprocessing = 0;
		};
		9FF55C381A067BF4005AA2BD /* Resources */ = {
			isa = PBXResourcesBuildPhase;
			buildActionMask = 2147483647;
			files = (
				9FD71F781D749D6E00E6F656 /* Cartfile in Resources */,
				9FF55C571A067C4E005AA2BD /* template.html in Resources */,
				9F276CC61AA7BD1500038036 /* template_error.html in Resources */,
			);
			runOnlyForDeploymentPostprocessing = 0;
		};
/* End PBXResourcesBuildPhase section */

/* Begin PBXShellScriptBuildPhase section */
		9FFFEA181A0680D000CA6007 /* Install QuickLook Plugin */ = {
			isa = PBXShellScriptBuildPhase;
			buildActionMask = 2147483647;
			files = (
			);
			inputPaths = (
			);
			name = "Install QuickLook Plugin";
			outputPaths = (
			);
			runOnlyForDeploymentPostprocessing = 0;
			shellPath = /bin/sh;
			shellScript = "GENERATOR=\"QLFits3.qlgenerator\"\n\necho \"Copying $BUILT_PRODUCTS_DIR/QLFits3.qlgenerator to QuickLook folder...\"\nrm -rf /Library/QuickLook/$GENERATOR\ncp -Rf \"$BUILT_PRODUCTS_DIR/$GENERATOR\" /Library/QuickLook/\n\necho \"Restarting daemon...\"\nqlmanage -r\n\necho \"Restarting Helper Config app...\"\nkillall QLFitsConfig\nopen /Library/QuickLook/$GENERATOR/Contents/Helpers/QLFitsConfig.app\n";
		};
/* End PBXShellScriptBuildPhase section */

/* Begin PBXSourcesBuildPhase section */
		9F9EAAC11AD50B2600EE2C25 /* Sources */ = {
			isa = PBXSourcesBuildPhase;
			buildActionMask = 2147483647;
			files = (
				9F9EAACD1AD50B2600EE2C25 /* main.m in Sources */,
				9F9EAACB1AD50B2600EE2C25 /* AppDelegate.m in Sources */,
			);
			runOnlyForDeploymentPostprocessing = 0;
		};
		9F9EAAD31AD50B2600EE2C25 /* Sources */ = {
			isa = PBXSourcesBuildPhase;
			buildActionMask = 2147483647;
			files = (
				9F9EAADE1AD50B2600EE2C25 /* QLFitsConfigTests.m in Sources */,
			);
			runOnlyForDeploymentPostprocessing = 0;
		};
		9FF55C351A067BF4005AA2BD /* Sources */ = {
			isa = PBXSourcesBuildPhase;
			buildActionMask = 2147483647;
			files = (
				9FF55C401A067BF4005AA2BD /* GenerateThumbnailForURL.m in Sources */,
				9FF55C511A067C4E005AA2BD /* cdlzscale.c in Sources */,
				9FF55C561A067C4E005AA2BD /* DebugLog.m in Sources */,
				9FF55C541A067C4E005AA2BD /* Common.m in Sources */,
				9FF55C421A067BF4005AA2BD /* GeneratePreviewForURL.m in Sources */,
				9FF55C441A067BF4005AA2BD /* main.c in Sources */,
			);
			runOnlyForDeploymentPostprocessing = 0;
		};
/* End PBXSourcesBuildPhase section */

/* Begin PBXTargetDependency section */
		9F9EAAD91AD50B2600EE2C25 /* PBXTargetDependency */ = {
			isa = PBXTargetDependency;
			target = 9F9EAAC41AD50B2600EE2C25 /* QLFitsConfig */;
			targetProxy = 9F9EAAD81AD50B2600EE2C25 /* PBXContainerItemProxy */;
		};
		9FA598C91AD81D5500A9F265 /* PBXTargetDependency */ = {
			isa = PBXTargetDependency;
			target = 9F9EAAC41AD50B2600EE2C25 /* QLFitsConfig */;
			targetProxy = 9FA598C81AD81D5500A9F265 /* PBXContainerItemProxy */;
		};
/* End PBXTargetDependency section */

/* Begin XCBuildConfiguration section */
		9F9EAADF1AD50B2600EE2C25 /* Debug */ = {
			isa = XCBuildConfiguration;
			buildSettings = {
				ASSETCATALOG_COMPILER_APPICON_NAME = AppIcon;
				CODE_SIGN_IDENTITY = "-";
				COMBINE_HIDPI_IMAGES = YES;
				GCC_PREPROCESSOR_DEFINITIONS = (
					"DEBUG=1",
					"$(inherited)",
				);
				INFOPLIST_FILE = QLFitsConfig/Info.plist;
				LD_RUNPATH_SEARCH_PATHS = "$(inherited) @executable_path/../Frameworks";
				MACOSX_DEPLOYMENT_TARGET = 10.8;
				PRODUCT_BUNDLE_IDENTIFIER = "com.onekiloparsec.qlfits.quicklookgenerator-config";
				PRODUCT_NAME = "$(TARGET_NAME)";
			};
			name = Debug;
		};
		9F9EAAE01AD50B2600EE2C25 /* Release */ = {
			isa = XCBuildConfiguration;
			buildSettings = {
				ASSETCATALOG_COMPILER_APPICON_NAME = AppIcon;
				CODE_SIGN_IDENTITY = "-";
				COMBINE_HIDPI_IMAGES = YES;
				COPY_PHASE_STRIP = NO;
				INFOPLIST_FILE = QLFitsConfig/Info.plist;
				LD_RUNPATH_SEARCH_PATHS = "$(inherited) @executable_path/../Frameworks";
				MACOSX_DEPLOYMENT_TARGET = 10.8;
				PRODUCT_BUNDLE_IDENTIFIER = "com.onekiloparsec.qlfits.quicklookgenerator-config";
				PRODUCT_NAME = "$(TARGET_NAME)";
			};
			name = Release;
		};
		9F9EAAE11AD50B2600EE2C25 /* Debug */ = {
			isa = XCBuildConfiguration;
			buildSettings = {
				BUNDLE_LOADER = "$(TEST_HOST)";
				COMBINE_HIDPI_IMAGES = YES;
				FRAMEWORK_SEARCH_PATHS = (
					"$(DEVELOPER_FRAMEWORKS_DIR)",
					"$(inherited)",
				);
				GCC_PREPROCESSOR_DEFINITIONS = (
					"DEBUG=1",
					"$(inherited)",
				);
				INFOPLIST_FILE = QLFitsConfigTests/Info.plist;
				LD_RUNPATH_SEARCH_PATHS = "$(inherited) @executable_path/../Frameworks @loader_path/../Frameworks";
				MACOSX_DEPLOYMENT_TARGET = 10.10;
				PRODUCT_BUNDLE_IDENTIFIER = "com.onekiloparsec.$(PRODUCT_NAME:rfc1034identifier)";
				PRODUCT_NAME = "$(TARGET_NAME)";
				TEST_HOST = "$(BUILT_PRODUCTS_DIR)/QLFitsConfig.app/Contents/MacOS/QLFitsConfig";
			};
			name = Debug;
		};
		9F9EAAE21AD50B2600EE2C25 /* Release */ = {
			isa = XCBuildConfiguration;
			buildSettings = {
				BUNDLE_LOADER = "$(TEST_HOST)";
				COMBINE_HIDPI_IMAGES = YES;
				COPY_PHASE_STRIP = NO;
				FRAMEWORK_SEARCH_PATHS = (
					"$(DEVELOPER_FRAMEWORKS_DIR)",
					"$(inherited)",
				);
				INFOPLIST_FILE = QLFitsConfigTests/Info.plist;
				LD_RUNPATH_SEARCH_PATHS = "$(inherited) @executable_path/../Frameworks @loader_path/../Frameworks";
				MACOSX_DEPLOYMENT_TARGET = 10.10;
				PRODUCT_BUNDLE_IDENTIFIER = "com.onekiloparsec.$(PRODUCT_NAME:rfc1034identifier)";
				PRODUCT_NAME = "$(TARGET_NAME)";
				TEST_HOST = "$(BUILT_PRODUCTS_DIR)/QLFitsConfig.app/Contents/MacOS/QLFitsConfig";
			};
			name = Release;
		};
		9FF55C451A067BF4005AA2BD /* Debug */ = {
			isa = XCBuildConfiguration;
			buildSettings = {
				ALWAYS_SEARCH_USER_PATHS = NO;
				CLANG_ANALYZER_LOCALIZABILITY_NONLOCALIZED = YES;
				CLANG_CXX_LANGUAGE_STANDARD = "gnu++0x";
				CLANG_CXX_LIBRARY = "libc++";
				CLANG_ENABLE_MODULES = YES;
				CLANG_ENABLE_OBJC_ARC = YES;
				CLANG_WARN_BLOCK_CAPTURE_AUTORELEASING = YES;
				CLANG_WARN_BOOL_CONVERSION = YES;
				CLANG_WARN_COMMA = YES;
				CLANG_WARN_CONSTANT_CONVERSION = YES;
				CLANG_WARN_DEPRECATED_OBJC_IMPLEMENTATIONS = YES;
				CLANG_WARN_DIRECT_OBJC_ISA_USAGE = YES_ERROR;
				CLANG_WARN_EMPTY_BODY = YES;
				CLANG_WARN_ENUM_CONVERSION = YES;
				CLANG_WARN_INFINITE_RECURSION = YES;
				CLANG_WARN_INT_CONVERSION = YES;
				CLANG_WARN_NON_LITERAL_NULL_CONVERSION = YES;
				CLANG_WARN_OBJC_IMPLICIT_RETAIN_SELF = YES;
				CLANG_WARN_OBJC_LITERAL_CONVERSION = YES;
				CLANG_WARN_OBJC_ROOT_CLASS = YES_ERROR;
				CLANG_WARN_RANGE_LOOP_ANALYSIS = YES;
				CLANG_WARN_STRICT_PROTOTYPES = YES;
				CLANG_WARN_SUSPICIOUS_MOVE = YES;
				CLANG_WARN_UNREACHABLE_CODE = YES;
				CLANG_WARN__DUPLICATE_METHOD_MATCH = YES;
				CODE_SIGN_ENTITLEMENTS = "";
				COPY_PHASE_STRIP = NO;
				ENABLE_STRICT_OBJC_MSGSEND = YES;
				ENABLE_TESTABILITY = YES;
				GCC_C_LANGUAGE_STANDARD = gnu99;
				GCC_DYNAMIC_NO_PIC = NO;
				GCC_NO_COMMON_BLOCKS = YES;
				GCC_OPTIMIZATION_LEVEL = 0;
				GCC_PREPROCESSOR_DEFINITIONS = (
					"DEBUG=1",
					"$(inherited)",
				);
				GCC_SYMBOLS_PRIVATE_EXTERN = NO;
				GCC_WARN_64_TO_32_BIT_CONVERSION = YES;
				GCC_WARN_ABOUT_RETURN_TYPE = YES_ERROR;
				GCC_WARN_UNDECLARED_SELECTOR = YES;
				GCC_WARN_UNINITIALIZED_AUTOS = YES_AGGRESSIVE;
				GCC_WARN_UNUSED_FUNCTION = YES;
				GCC_WARN_UNUSED_VARIABLE = YES;
				MACOSX_DEPLOYMENT_TARGET = 10.13;
				MTL_ENABLE_DEBUG_INFO = YES;
				ONLY_ACTIVE_ARCH = YES;
				OTHER_CODE_SIGN_FLAGS = "";
				SDKROOT = macosx;
			};
			name = Debug;
		};
		9FF55C461A067BF4005AA2BD /* Release */ = {
			isa = XCBuildConfiguration;
			buildSettings = {
				ALWAYS_SEARCH_USER_PATHS = NO;
				CLANG_ANALYZER_LOCALIZABILITY_NONLOCALIZED = YES;
				CLANG_CXX_LANGUAGE_STANDARD = "gnu++0x";
				CLANG_CXX_LIBRARY = "libc++";
				CLANG_ENABLE_MODULES = YES;
				CLANG_ENABLE_OBJC_ARC = YES;
				CLANG_WARN_BLOCK_CAPTURE_AUTORELEASING = YES;
				CLANG_WARN_BOOL_CONVERSION = YES;
				CLANG_WARN_COMMA = YES;
				CLANG_WARN_CONSTANT_CONVERSION = YES;
				CLANG_WARN_DEPRECATED_OBJC_IMPLEMENTATIONS = YES;
				CLANG_WARN_DIRECT_OBJC_ISA_USAGE = YES_ERROR;
				CLANG_WARN_EMPTY_BODY = YES;
				CLANG_WARN_ENUM_CONVERSION = YES;
				CLANG_WARN_INFINITE_RECURSION = YES;
				CLANG_WARN_INT_CONVERSION = YES;
				CLANG_WARN_NON_LITERAL_NULL_CONVERSION = YES;
				CLANG_WARN_OBJC_IMPLICIT_RETAIN_SELF = YES;
				CLANG_WARN_OBJC_LITERAL_CONVERSION = YES;
				CLANG_WARN_OBJC_ROOT_CLASS = YES_ERROR;
				CLANG_WARN_RANGE_LOOP_ANALYSIS = YES;
				CLANG_WARN_STRICT_PROTOTYPES = YES;
				CLANG_WARN_SUSPICIOUS_MOVE = YES;
				CLANG_WARN_UNREACHABLE_CODE = YES;
				CLANG_WARN__DUPLICATE_METHOD_MATCH = YES;
				CODE_SIGN_ENTITLEMENTS = "";
				COPY_PHASE_STRIP = YES;
				DEBUG_INFORMATION_FORMAT = "dwarf-with-dsym";
				ENABLE_NS_ASSERTIONS = NO;
				ENABLE_STRICT_OBJC_MSGSEND = YES;
				GCC_C_LANGUAGE_STANDARD = gnu99;
				GCC_NO_COMMON_BLOCKS = YES;
				GCC_WARN_64_TO_32_BIT_CONVERSION = YES;
				GCC_WARN_ABOUT_RETURN_TYPE = YES_ERROR;
				GCC_WARN_UNDECLARED_SELECTOR = YES;
				GCC_WARN_UNINITIALIZED_AUTOS = YES_AGGRESSIVE;
				GCC_WARN_UNUSED_FUNCTION = YES;
				GCC_WARN_UNUSED_VARIABLE = YES;
				MACOSX_DEPLOYMENT_TARGET = 10.13;
				MTL_ENABLE_DEBUG_INFO = NO;
				OTHER_CODE_SIGN_FLAGS = "";
				SDKROOT = macosx;
			};
			name = Release;
		};
		9FF55C481A067BF4005AA2BD /* Debug */ = {
			isa = XCBuildConfiguration;
			buildSettings = {
				COMBINE_HIDPI_IMAGES = YES;
				CURRENT_PROJECT_VERSION = 3.2.1;
				FRAMEWORK_SEARCH_PATHS = (
					"$(inherited)",
					"$(PROJECT_DIR)/Carthage/Build/Mac",
				);
				INFOPLIST_FILE = QLFits3/Info.plist;
				INSTALL_PATH = /Library/QuickLook;
				MARKETING_VERSION = 3.2.1;
				OTHER_LDFLAGS = (
					"-rpath",
					"@loader_path/../Frameworks/",
				);
				PRODUCT_BUNDLE_IDENTIFIER = com.onekiloparsec.QLFits3;
				PRODUCT_NAME = "$(TARGET_NAME)";
				WRAPPER_EXTENSION = qlgenerator;
			};
			name = Debug;
		};
		9FF55C491A067BF4005AA2BD /* Release */ = {
			isa = XCBuildConfiguration;
			buildSettings = {
				COMBINE_HIDPI_IMAGES = YES;
				CURRENT_PROJECT_VERSION = 3.2.1;
				FRAMEWORK_SEARCH_PATHS = (
					"$(inherited)",
					"$(PROJECT_DIR)/Carthage/Build/Mac",
				);
				INFOPLIST_FILE = QLFits3/Info.plist;
				INSTALL_PATH = /Library/QuickLook;
				MARKETING_VERSION = 3.2.1;
				OTHER_LDFLAGS = (
					"-rpath",
					"@loader_path/../Frameworks/",
				);
				PRODUCT_BUNDLE_IDENTIFIER = com.onekiloparsec.QLFits3;
				PRODUCT_NAME = "$(TARGET_NAME)";
				WRAPPER_EXTENSION = qlgenerator;
			};
			name = Release;
		};
/* End XCBuildConfiguration section */

/* Begin XCConfigurationList section */
		9F9EAAE31AD50B2600EE2C25 /* Build configuration list for PBXNativeTarget "QLFitsConfig" */ = {
			isa = XCConfigurationList;
			buildConfigurations = (
				9F9EAADF1AD50B2600EE2C25 /* Debug */,
				9F9EAAE01AD50B2600EE2C25 /* Release */,
			);
			defaultConfigurationIsVisible = 0;
			defaultConfigurationName = Release;
		};
		9F9EAAE41AD50B2600EE2C25 /* Build configuration list for PBXNativeTarget "QLFitsConfigTests" */ = {
			isa = XCConfigurationList;
			buildConfigurations = (
				9F9EAAE11AD50B2600EE2C25 /* Debug */,
				9F9EAAE21AD50B2600EE2C25 /* Release */,
			);
			defaultConfigurationIsVisible = 0;
			defaultConfigurationName = Release;
		};
		9FF55C341A067BF4005AA2BD /* Build configuration list for PBXProject "QLFits3" */ = {
			isa = XCConfigurationList;
			buildConfigurations = (
				9FF55C451A067BF4005AA2BD /* Debug */,
				9FF55C461A067BF4005AA2BD /* Release */,
			);
			defaultConfigurationIsVisible = 0;
			defaultConfigurationName = Release;
		};
		9FF55C471A067BF4005AA2BD /* Build configuration list for PBXNativeTarget "QLFits3" */ = {
			isa = XCConfigurationList;
			buildConfigurations = (
				9FF55C481A067BF4005AA2BD /* Debug */,
				9FF55C491A067BF4005AA2BD /* Release */,
			);
			defaultConfigurationIsVisible = 0;
			defaultConfigurationName = Release;
		};
/* End XCConfigurationList section */
	};
	rootObject = 9FF55C311A067BF4005AA2BD /* Project object */;
}
